// !$*UTF8*$!
{
	archiveVersion = 1;
	classes = {
	};
	objectVersion = 50;
	objects = {

/* Begin PBXBuildFile section */
		7DADE18E264CAD23003BBA7B /* AppDelegate.swift in Sources */ = {isa = PBXBuildFile; fileRef = 7DADE18D264CAD23003BBA7B /* AppDelegate.swift */; };
		7DADE190264CAD23003BBA7B /* SceneDelegate.swift in Sources */ = {isa = PBXBuildFile; fileRef = 7DADE18F264CAD23003BBA7B /* SceneDelegate.swift */; };
		7DADE192264CAD23003BBA7B /* ContentView.swift in Sources */ = {isa = PBXBuildFile; fileRef = 7DADE191264CAD23003BBA7B /* ContentView.swift */; };
		7DADE195264CAD23003BBA7B /* Instafilter.xcdatamodeld in Sources */ = {isa = PBXBuildFile; fileRef = 7DADE193264CAD23003BBA7B /* Instafilter.xcdatamodeld */; };
		7DADE197264CAD26003BBA7B /* Assets.xcassets in Resources */ = {isa = PBXBuildFile; fileRef = 7DADE196264CAD26003BBA7B /* Assets.xcassets */; };
		7DADE19A264CAD26003BBA7B /* Preview Assets.xcassets in Resources */ = {isa = PBXBuildFile; fileRef = 7DADE199264CAD26003BBA7B /* Preview Assets.xcassets */; };
		7DADE19D264CAD26003BBA7B /* LaunchScreen.storyboard in Resources */ = {isa = PBXBuildFile; fileRef = 7DADE19B264CAD26003BBA7B /* LaunchScreen.storyboard */; };
		7DADE1A5264CC45F003BBA7B /* ImagePicker.swift in Sources */ = {isa = PBXBuildFile; fileRef = 7DADE1A4264CC45F003BBA7B /* ImagePicker.swift */; };
		7DADE1AB264EC70B003BBA7B /* ImageSaver.swift in Sources */ = {isa = PBXBuildFile; fileRef = 7DADE1AA264EC70B003BBA7B /* ImageSaver.swift */; };
/* End PBXBuildFile section */

/* Begin PBXFileReference section */
		7DADE18A264CAD23003BBA7B /* Instafilter.app */ = {isa = PBXFileReference; explicitFileType = wrapper.application; includeInIndex = 0; path = Instafilter.app; sourceTree = BUILT_PRODUCTS_DIR; };
		7DADE18D264CAD23003BBA7B /* AppDelegate.swift */ = {isa = PBXFileReference; lastKnownFileType = sourcecode.swift; path = AppDelegate.swift; sourceTree = "<group>"; };
		7DADE18F264CAD23003BBA7B /* SceneDelegate.swift */ = {isa = PBXFileReference; lastKnownFileType = sourcecode.swift; path = SceneDelegate.swift; sourceTree = "<group>"; };
		7DADE191264CAD23003BBA7B /* ContentView.swift */ = {isa = PBXFileReference; lastKnownFileType = sourcecode.swift; path = ContentView.swift; sourceTree = "<group>"; };
		7DADE194264CAD23003BBA7B /* Instafilter.xcdatamodel */ = {isa = PBXFileReference; lastKnownFileType = wrapper.xcdatamodel; path = Instafilter.xcdatamodel; sourceTree = "<group>"; };
		7DADE196264CAD26003BBA7B /* Assets.xcassets */ = {isa = PBXFileReference; lastKnownFileType = folder.assetcatalog; path = Assets.xcassets; sourceTree = "<group>"; };
		7DADE199264CAD26003BBA7B /* Preview Assets.xcassets */ = {isa = PBXFileReference; lastKnownFileType = folder.assetcatalog; path = "Preview Assets.xcassets"; sourceTree = "<group>"; };
		7DADE19C264CAD26003BBA7B /* Base */ = {isa = PBXFileReference; lastKnownFileType = file.storyboard; name = Base; path = Base.lproj/LaunchScreen.storyboard; sourceTree = "<group>"; };
		7DADE19E264CAD26003BBA7B /* Info.plist */ = {isa = PBXFileReference; lastKnownFileType = text.plist.xml; path = Info.plist; sourceTree = "<group>"; };
		7DADE1A4264CC45F003BBA7B /* ImagePicker.swift */ = {isa = PBXFileReference; lastKnownFileType = sourcecode.swift; path = ImagePicker.swift; sourceTree = "<group>"; };
		7DADE1AA264EC70B003BBA7B /* ImageSaver.swift */ = {isa = PBXFileReference; lastKnownFileType = sourcecode.swift; path = ImageSaver.swift; sourceTree = "<group>"; };
/* End PBXFileReference section */

/* Begin PBXFrameworksBuildPhase section */
		7DADE187264CAD23003BBA7B /* Frameworks */ = {
			isa = PBXFrameworksBuildPhase;
			buildActionMask = 2147483647;
			files = (
			);
			runOnlyForDeploymentPostprocessing = 0;
		};
/* End PBXFrameworksBuildPhase section */

/* Begin PBXGroup section */
		7DADE181264CAD23003BBA7B = {
			isa = PBXGroup;
			children = (
				7DADE18C264CAD23003BBA7B /* Instafilter */,
				7DADE18B264CAD23003BBA7B /* Products */,
			);
			sourceTree = "<group>";
		};
		7DADE18B264CAD23003BBA7B /* Products */ = {
			isa = PBXGroup;
			children = (
				7DADE18A264CAD23003BBA7B /* Instafilter.app */,
			);
			name = Products;
			sourceTree = "<group>";
		};
		7DADE18C264CAD23003BBA7B /* Instafilter */ = {
			isa = PBXGroup;
			children = (
				7DADE18D264CAD23003BBA7B /* AppDelegate.swift */,
				7DADE18F264CAD23003BBA7B /* SceneDelegate.swift */,
				7DADE191264CAD23003BBA7B /* ContentView.swift */,
				7DADE1AA264EC70B003BBA7B /* ImageSaver.swift */,
				7DADE1A4264CC45F003BBA7B /* ImagePicker.swift */,
				7DADE196264CAD26003BBA7B /* Assets.xcassets */,
				7DADE19B264CAD26003BBA7B /* LaunchScreen.storyboard */,
				7DADE19E264CAD26003BBA7B /* Info.plist */,
				7DADE193264CAD23003BBA7B /* Instafilter.xcdatamodeld */,
				7DADE198264CAD26003BBA7B /* Preview Content */,
			);
			path = Instafilter;
			sourceTree = "<group>";
		};
		7DADE198264CAD26003BBA7B /* Preview Content */ = {
			isa = PBXGroup;
			children = (
				7DADE199264CAD26003BBA7B /* Preview Assets.xcassets */,
			);
			path = "Preview Content";
			sourceTree = "<group>";
		};
/* End PBXGroup section */

/* Begin PBXNativeTarget section */
		7DADE189264CAD23003BBA7B /* Instafilter */ = {
			isa = PBXNativeTarget;
			buildConfigurationList = 7DADE1A1264CAD26003BBA7B /* Build configuration list for PBXNativeTarget "Instafilter" */;
			buildPhases = (
				7DADE186264CAD23003BBA7B /* Sources */,
				7DADE187264CAD23003BBA7B /* Frameworks */,
				7DADE188264CAD23003BBA7B /* Resources */,
			);
			buildRules = (
			);
			dependencies = (
			);
			name = Instafilter;
			productName = Instafilter;
			productReference = 7DADE18A264CAD23003BBA7B /* Instafilter.app */;
			productType = "com.apple.product-type.application";
		};
/* End PBXNativeTarget section */

/* Begin PBXProject section */
		7DADE182264CAD23003BBA7B /* Project object */ = {
			isa = PBXProject;
			attributes = {
				LastSwiftUpdateCheck = 1250;
				LastUpgradeCheck = 1250;
				TargetAttributes = {
					7DADE189264CAD23003BBA7B = {
						CreatedOnToolsVersion = 12.5;
					};
				};
			};
			buildConfigurationList = 7DADE185264CAD23003BBA7B /* Build configuration list for PBXProject "Instafilter" */;
			compatibilityVersion = "Xcode 9.3";
			developmentRegion = en;
			hasScannedForEncodings = 0;
			knownRegions = (
				en,
				Base,
			);
			mainGroup = 7DADE181264CAD23003BBA7B;
			productRefGroup = 7DADE18B264CAD23003BBA7B /* Products */;
			projectDirPath = "";
			projectRoot = "";
			targets = (
				7DADE189264CAD23003BBA7B /* Instafilter */,
			);
		};
/* End PBXProject section */

/* Begin PBXResourcesBuildPhase section */
		7DADE188264CAD23003BBA7B /* Resources */ = {
			isa = PBXResourcesBuildPhase;
			buildActionMask = 2147483647;
			files = (
				7DADE19D264CAD26003BBA7B /* LaunchScreen.storyboard in Resources */,
				7DADE19A264CAD26003BBA7B /* Preview Assets.xcassets in Resources */,
				7DADE197264CAD26003BBA7B /* Assets.xcassets in Resources */,
			);
			runOnlyForDeploymentPostprocessing = 0;
		};
/* End PBXResourcesBuildPhase section */

/* Begin PBXSourcesBuildPhase section */
		7DADE186264CAD23003BBA7B /* Sources */ = {
			isa = PBXSourcesBuildPhase;
			buildActionMask = 2147483647;
			files = (
				7DADE18E264CAD23003BBA7B /* AppDelegate.swift in Sources */,
				7DADE1AB264EC70B003BBA7B /* ImageSaver.swift in Sources */,
				7DADE195264CAD23003BBA7B /* Instafilter.xcdatamodeld in Sources */,
				7DADE1A5264CC45F003BBA7B /* ImagePicker.swift in Sources */,
				7DADE190264CAD23003BBA7B /* SceneDelegate.swift in Sources */,
				7DADE192264CAD23003BBA7B /* ContentView.swift in Sources */,
			);
			runOnlyForDeploymentPostprocessing = 0;
		};
/* End PBXSourcesBuildPhase section */

/* Begin PBXVariantGroup section */
		7DADE19B264CAD26003BBA7B /* LaunchScreen.storyboard */ = {
			isa = PBXVariantGroup;
			children = (
				7DADE19C264CAD26003BBA7B /* Base */,
			);
			name = LaunchScreen.storyboard;
			sourceTree = "<group>";
		};
/* End PBXVariantGroup section */

/* Begin XCBuildConfiguration section */
		7DADE19F264CAD26003BBA7B /* Debug */ = {
			isa = XCBuildConfiguration;
			buildSettings = {
				ALWAYS_SEARCH_USER_PATHS = NO;
				CLANG_ANALYZER_NONNULL = YES;
				CLANG_ANALYZER_NUMBER_OBJECT_CONVERSION = YES_AGGRESSIVE;
				CLANG_CXX_LANGUAGE_STANDARD = "gnu++14";
				CLANG_CXX_LIBRARY = "libc++";
				CLANG_ENABLE_MODULES = YES;
				CLANG_ENABLE_OBJC_ARC = YES;
				CLANG_ENABLE_OBJC_WEAK = YES;
				CLANG_WARN_BLOCK_CAPTURE_AUTORELEASING = YES;
				CLANG_WARN_BOOL_CONVERSION = YES;
				CLANG_WARN_COMMA = YES;
				CLANG_WARN_CONSTANT_CONVERSION = YES;
				CLANG_WARN_DEPRECATED_OBJC_IMPLEMENTATIONS = YES;
				CLANG_WARN_DIRECT_OBJC_ISA_USAGE = YES_ERROR;
				CLANG_WARN_DOCUMENTATION_COMMENTS = YES;
				CLANG_WARN_EMPTY_BODY = YES;
				CLANG_WARN_ENUM_CONVERSION = YES;
				CLANG_WARN_INFINITE_RECURSION = YES;
				CLANG_WARN_INT_CONVERSION = YES;
				CLANG_WARN_NON_LITERAL_NULL_CONVERSION = YES;
				CLANG_WARN_OBJC_IMPLICIT_RETAIN_SELF = YES;
				CLANG_WARN_OBJC_LITERAL_CONVERSION = YES;
				CLANG_WARN_OBJC_ROOT_CLASS = YES_ERROR;
				CLANG_WARN_QUOTED_INCLUDE_IN_FRAMEWORK_HEADER = YES;
				CLANG_WARN_RANGE_LOOP_ANALYSIS = YES;
				CLANG_WARN_STRICT_PROTOTYPES = YES;
				CLANG_WARN_SUSPICIOUS_MOVE = YES;
				CLANG_WARN_UNGUARDED_AVAILABILITY = YES_AGGRESSIVE;
				CLANG_WARN_UNREACHABLE_CODE = YES;
				CLANG_WARN__DUPLICATE_METHOD_MATCH = YES;
				COPY_PHASE_STRIP = NO;
				DEBUG_INFORMATION_FORMAT = dwarf;
				ENABLE_STRICT_OBJC_MSGSEND = YES;
				ENABLE_TESTABILITY = YES;
				GCC_C_LANGUAGE_STANDARD = gnu11;
				GCC_DYNAMIC_NO_PIC = NO;
				GCC_NO_COMMON_BLOCKS = YES;
				GCC_OPTIMIZATION_LEVEL = 0;
				GCC_PREPROCESSOR_DEFINITIONS = (
					"DEBUG=1",
					"$(inherited)",
				);
				GCC_WARN_64_TO_32_BIT_CONVERSION = YES;
				GCC_WARN_ABOUT_RETURN_TYPE = YES_ERROR;
				GCC_WARN_UNDECLARED_SELECTOR = YES;
				GCC_WARN_UNINITIALIZED_AUTOS = YES_AGGRESSIVE;
				GCC_WARN_UNUSED_FUNCTION = YES;
				GCC_WARN_UNUSED_VARIABLE = YES;
				IPHONEOS_DEPLOYMENT_TARGET = 14.5;
				MTL_ENABLE_DEBUG_INFO = INCLUDE_SOURCE;
				MTL_FAST_MATH = YES;
				ONLY_ACTIVE_ARCH = YES;
				SDKROOT = iphoneos;
				SWIFT_ACTIVE_COMPILATION_CONDITIONS = DEBUG;
				SWIFT_OPTIMIZATION_LEVEL = "-Onone";
			};
			name = Debug;
		};
		7DADE1A0264CAD26003BBA7B /* Release */ = {
			isa = XCBuildConfiguration;
			buildSettings = {
				ALWAYS_SEARCH_USER_PATHS = NO;
				CLANG_ANALYZER_NONNULL = YES;
				CLANG_ANALYZER_NUMBER_OBJECT_CONVERSION = YES_AGGRESSIVE;
				CLANG_CXX_LANGUAGE_STANDARD = "gnu++14";
				CLANG_CXX_LIBRARY = "libc++";
				CLANG_ENABLE_MODULES = YES;
				CLANG_ENABLE_OBJC_ARC = YES;
				CLANG_ENABLE_OBJC_WEAK = YES;
				CLANG_WARN_BLOCK_CAPTURE_AUTORELEASING = YES;
				CLANG_WARN_BOOL_CONVERSION = YES;
				CLANG_WARN_COMMA = YES;
				CLANG_WARN_CONSTANT_CONVERSION = YES;
				CLANG_WARN_DEPRECATED_OBJC_IMPLEMENTATIONS = YES;
				CLANG_WARN_DIRECT_OBJC_ISA_USAGE = YES_ERROR;
				CLANG_WARN_DOCUMENTATION_COMMENTS = YES;
				CLANG_WARN_EMPTY_BODY = YES;
				CLANG_WARN_ENUM_CONVERSION = YES;
				CLANG_WARN_INFINITE_RECURSION = YES;
				CLANG_WARN_INT_CONVERSION = YES;
				CLANG_WARN_NON_LITERAL_NULL_CONVERSION = YES;
				CLANG_WARN_OBJC_IMPLICIT_RETAIN_SELF = YES;
				CLANG_WARN_OBJC_LITERAL_CONVERSION = YES;
				CLANG_WARN_OBJC_ROOT_CLASS = YES_ERROR;
				CLANG_WARN_QUOTED_INCLUDE_IN_FRAMEWORK_HEADER = YES;
				CLANG_WARN_RANGE_LOOP_ANALYSIS = YES;
				CLANG_WARN_STRICT_PROTOTYPES = YES;
				CLANG_WARN_SUSPICIOUS_MOVE = YES;
				CLANG_WARN_UNGUARDED_AVAILABILITY = YES_AGGRESSIVE;
				CLANG_WARN_UNREACHABLE_CODE = YES;
				CLANG_WARN__DUPLICATE_METHOD_MATCH = YES;
				COPY_PHASE_STRIP = NO;
				DEBUG_INFORMATION_FORMAT = "dwarf-with-dsym";
				ENABLE_NS_ASSERTIONS = NO;
				ENABLE_STRICT_OBJC_MSGSEND = YES;
				GCC_C_LANGUAGE_STANDARD = gnu11;
				GCC_NO_COMMON_BLOCKS = YES;
				GCC_WARN_64_TO_32_BIT_CONVERSION = YES;
				GCC_WARN_ABOUT_RETURN_TYPE = YES_ERROR;
				GCC_WARN_UNDECLARED_SELECTOR = YES;
				GCC_WARN_UNINITIALIZED_AUTOS = YES_AGGRESSIVE;
				GCC_WARN_UNUSED_FUNCTION = YES;
				GCC_WARN_UNUSED_VARIABLE = YES;
				IPHONEOS_DEPLOYMENT_TARGET = 14.5;
				MTL_ENABLE_DEBUG_INFO = NO;
				MTL_FAST_MATH = YES;
				SDKROOT = iphoneos;
				SWIFT_COMPILATION_MODE = wholemodule;
				SWIFT_OPTIMIZATION_LEVEL = "-O";
				VALIDATE_PRODUCT = YES;
			};
			name = Release;
		};
		7DADE1A2264CAD26003BBA7B /* Debug */ = {
			isa = XCBuildConfiguration;
			buildSettings = {
				ASSETCATALOG_COMPILER_APPICON_NAME = AppIcon;
				ASSETCATALOG_COMPILER_GLOBAL_ACCENT_COLOR_NAME = AccentColor;
				CODE_SIGN_STYLE = Automatic;
				DEVELOPMENT_ASSET_PATHS = "\"Instafilter/Preview Content\"";
				ENABLE_PREVIEWS = YES;
				INFOPLIST_FILE = Instafilter/Info.plist;
				LD_RUNPATH_SEARCH_PATHS = (
					"$(inherited)",
					"@executable_path/Frameworks",
				);
				PRODUCT_BUNDLE_IDENTIFIER = kz.Instafilter;
				PRODUCT_NAME = "$(TARGET_NAME)";
				SWIFT_VERSION = 5.0;
				TARGETED_DEVICE_FAMILY = "1,2";
			};
			name = Debug;
		};
		7DADE1A3264CAD26003BBA7B /* Release */ = {
			isa = XCBuildConfiguration;
			buildSettings = {
				ASSETCATALOG_COMPILER_APPICON_NAME = AppIcon;
				ASSETCATALOG_COMPILER_GLOBAL_ACCENT_COLOR_NAME = AccentColor;
				CODE_SIGN_STYLE = Automatic;
				DEVELOPMENT_ASSET_PATHS = "\"Instafilter/Preview Content\"";
				ENABLE_PREVIEWS = YES;
				INFOPLIST_FILE = Instafilter/Info.plist;
				LD_RUNPATH_SEARCH_PATHS = (
					"$(inherited)",
					"@executable_path/Frameworks",
				);
				PRODUCT_BUNDLE_IDENTIFIER = kz.Instafilter;
				PRODUCT_NAME = "$(TARGET_NAME)";
				SWIFT_VERSION = 5.0;
				TARGETED_DEVICE_FAMILY = "1,2";
			};
			name = Release;
		};
/* End XCBuildConfiguration section */

/* Begin XCConfigurationList section */
		7DADE185264CAD23003BBA7B /* Build configuration list for PBXProject "Instafilter" */ = {
			isa = XCConfigurationList;
			buildConfigurations = (
				7DADE19F264CAD26003BBA7B /* Debug */,
				7DADE1A0264CAD26003BBA7B /* Release */,
			);
			defaultConfigurationIsVisible = 0;
			defaultConfigurationName = Release;
		};
		7DADE1A1264CAD26003BBA7B /* Build configuration list for PBXNativeTarget "Instafilter" */ = {
			isa = XCConfigurationList;
			buildConfigurations = (
				7DADE1A2264CAD26003BBA7B /* Debug */,
				7DADE1A3264CAD26003BBA7B /* Release */,
			);
			defaultConfigurationIsVisible = 0;
			defaultConfigurationName = Release;
		};
/* End XCConfigurationList section */

/* Begin XCVersionGroup section */
		7DADE193264CAD23003BBA7B /* Instafilter.xcdatamodeld */ = {
			isa = XCVersionGroup;
			children = (
				7DADE194264CAD23003BBA7B /* Instafilter.xcdatamodel */,
			);
			currentVersion = 7DADE194264CAD23003BBA7B /* Instafilter.xcdatamodel */;
			path = Instafilter.xcdatamodeld;
			sourceTree = "<group>";
			versionGroupType = wrapper.xcdatamodel;
		};
/* End XCVersionGroup section */
	};
	rootObject = 7DADE182264CAD23003BBA7B /* Project object */;
}
